{
  "originHash" : "c194cadc9aae187678b93fa23acfb43e6a3e365ac20414f6e81b24145a9e8431",
  "pins" : [
    {
      "identity" : "swift-syntax",
      "kind" : "remoteSourceControl",
      "location" : "https://github.com/swiftlang/swift-syntax.git",
      "state" : {
        "revision" : "515f79b522918f83483068d99c68daeb5116342d",
        "version" : "600.0.0-prerelease-2024-09-04"
      }
    },
    {
      "identity" : "swift-testing",
      "kind" : "remoteSourceControl",
      "location" : "https://github.com/apple/swift-testing.git",
      "state" : {
        "branch" : "main",
        "revision" : "e7a7e23ef4ce199b7d5f1ce6cb2c15d21bc090f0"
      }
    }
  ],
  "version" : 3
}
