{
  "originHash" : "3b274c7be50519d44425c2c3397a3c09cfb258ed62a0cc41ea126b1157b145a4",
  "pins" : [
    {
      "identity" : "swift-syntax",
      "kind" : "remoteSourceControl",
      "location" : "https://github.com/swiftlang/swift-syntax.git",
      "state" : {
        "revision" : "515f79b522918f83483068d99c68daeb5116342d",
        "version" : "600.0.0-prerelease-2024-09-04"
      }
    },
    {
      "identity" : "swift-testing",
      "kind" : "remoteSourceControl",
      "location" : "https://github.com/apple/swift-testing.git",
      "state" : {
        "branch" : "release/6.0.1",
        "revision" : "9aa8076dff01b66bcff9335cde02380d59acacc0"
      }
    }
  ],
  "version" : 3
}
